PODS:
  - Mapbox-iOS-SDK-symbols (3.6.0-alpha.1-symbols)

DEPENDENCIES:
  - Mapbox-iOS-SDK-symbols (from `https://raw.githubusercontent.com/mapbox/mapbox-gl-native/ios-v3.6.0-alpha.1/platform/ios/Mapbox-iOS-SDK-symbols.podspec`)

EXTERNAL SOURCES:
  Mapbox-iOS-SDK-symbols:
    :podspec: https://raw.githubusercontent.com/mapbox/mapbox-gl-native/ios-v3.6.0-alpha.1/platform/ios/Mapbox-iOS-SDK-symbols.podspec

SPEC CHECKSUMS:
  Mapbox-iOS-SDK-symbols: 7bc4c65466c57653c36517bbd89020a869e2c249

PODFILE CHECKSUM: e4cf7ea81e718481c8562c39ce7c84bb6c269df1

COCOAPODS: 1.2.1
