// !$*UTF8*$!
{
	archiveVersion = 1;
	classes = {
	};
	objectVersion = 46;
	objects = {

/* Begin PBXBuildFile section */
		96115A681CAD4E1C000963B8 /* OfflinePackExample.m in Sources */ = {isa = PBXBuildFile; fileRef = 96115A671CAD4E1C000963B8 /* OfflinePackExample.m */; };
		96115A6A1CAD5012000963B8 /* OfflinePackExample.swift in Sources */ = {isa = PBXBuildFile; fileRef = 96115A691CAD5012000963B8 /* OfflinePackExample.swift */; };
		961962911C581700002D3DAB /* main.m in Sources */ = {isa = PBXBuildFile; fileRef = 961962901C581700002D3DAB /* main.m */; };
		961962941C581700002D3DAB /* AppDelegate.m in Sources */ = {isa = PBXBuildFile; fileRef = 961962931C581700002D3DAB /* AppDelegate.m */; };
		9619629C1C581700002D3DAB /* Assets.xcassets in Resources */ = {isa = PBXBuildFile; fileRef = 9619629B1C581700002D3DAB /* Assets.xcassets */; };
		9619629F1C581700002D3DAB /* LaunchScreen.storyboard in Resources */ = {isa = PBXBuildFile; fileRef = 9619629D1C581700002D3DAB /* LaunchScreen.storyboard */; };
		961962AA1C581700002D3DAB /* ExamplesTests.m in Sources */ = {isa = PBXBuildFile; fileRef = 961962A91C581700002D3DAB /* ExamplesTests.m */; };
		961962B51C581700002D3DAB /* ExamplesUITests.m in Sources */ = {isa = PBXBuildFile; fileRef = 961962B41C581700002D3DAB /* ExamplesUITests.m */; };
		961962C51C5818EB002D3DAB /* Mapbox.framework in Frameworks */ = {isa = PBXBuildFile; fileRef = 961962C41C5818EB002D3DAB /* Mapbox.framework */; };
		961962C61C5818EB002D3DAB /* Mapbox.framework in Embed Frameworks */ = {isa = PBXBuildFile; fileRef = 961962C41C5818EB002D3DAB /* Mapbox.framework */; settings = {ATTRIBUTES = (CodeSignOnCopy, RemoveHeadersOnCopy, ); }; };
		961962CF1C581FBC002D3DAB /* Main.storyboard in Resources */ = {isa = PBXBuildFile; fileRef = 961962CE1C581FBC002D3DAB /* Main.storyboard */; };
		961962D21C5821A9002D3DAB /* ExamplesTableViewController.m in Sources */ = {isa = PBXBuildFile; fileRef = 961962D11C5821A9002D3DAB /* ExamplesTableViewController.m */; };
		961962D51C583FDC002D3DAB /* ExamplesContainerViewController.m in Sources */ = {isa = PBXBuildFile; fileRef = 961962D41C583FDC002D3DAB /* ExamplesContainerViewController.m */; };
		96466ACA1C9323D9009CF4AB /* CustomCalloutViewExample.swift in Sources */ = {isa = PBXBuildFile; fileRef = 96466AC91C9323D9009CF4AB /* CustomCalloutViewExample.swift */; };
		96466AD11C932EF5009CF4AB /* CustomCalloutView.swift in Sources */ = {isa = PBXBuildFile; fileRef = 96466AD01C932EF5009CF4AB /* CustomCalloutView.swift */; };
		968247031C5BDCBB00494AB8 /* CustomRasterStyleExample.m in Sources */ = {isa = PBXBuildFile; fileRef = 968247021C5BDCBB00494AB8 /* CustomRasterStyleExample.m */; };
		968247051C5BDDC600494AB8 /* CustomRasterStyleExample.swift in Sources */ = {isa = PBXBuildFile; fileRef = 968247041C5BDDC600494AB8 /* CustomRasterStyleExample.swift */; };
		968247081C5BEBDC00494AB8 /* SatelliteStyleExample.m in Sources */ = {isa = PBXBuildFile; fileRef = 968247071C5BEBDC00494AB8 /* SatelliteStyleExample.m */; };
		9682470A1C5BEE4D00494AB8 /* SatelliteStyleExample.swift in Sources */ = {isa = PBXBuildFile; fileRef = 968247091C5BEE4D00494AB8 /* SatelliteStyleExample.swift */; };
		9682470C1C5BF08400494AB8 /* DrawingAMarkerExample.swift in Sources */ = {isa = PBXBuildFile; fileRef = 9682470B1C5BF08400494AB8 /* DrawingAMarkerExample.swift */; };
		9682470F1C5BF12700494AB8 /* DrawingAMarkerExample.m in Sources */ = {isa = PBXBuildFile; fileRef = 9682470E1C5BF12700494AB8 /* DrawingAMarkerExample.m */; };
		968247131C5C0F0F00494AB8 /* CalloutDelegateUsageExample.m in Sources */ = {isa = PBXBuildFile; fileRef = 968247121C5C0F0F00494AB8 /* CalloutDelegateUsageExample.m */; };
		968247151C5C102B00494AB8 /* CalloutDelegateUsageExample.swift in Sources */ = {isa = PBXBuildFile; fileRef = 968247141C5C102B00494AB8 /* CalloutDelegateUsageExample.swift */; };
		968247171C5C10B100494AB8 /* DrawingAGeoJSONLineExample.swift in Sources */ = {isa = PBXBuildFile; fileRef = 968247161C5C10B100494AB8 /* DrawingAGeoJSONLineExample.swift */; };
		9682471A1C5C115000494AB8 /* DrawingAGeoJSONLineExample.m in Sources */ = {isa = PBXBuildFile; fileRef = 968247191C5C115000494AB8 /* DrawingAGeoJSONLineExample.m */; };
		9682471D1C5C123B00494AB8 /* example.geojson in Resources */ = {isa = PBXBuildFile; fileRef = 9682471C1C5C123B00494AB8 /* example.geojson */; };
		968247201C5C1C0400494AB8 /* DrawingAPolygonExample.m in Sources */ = {isa = PBXBuildFile; fileRef = 9682471F1C5C1C0400494AB8 /* DrawingAPolygonExample.m */; };
		968247221C5C1C9B00494AB8 /* DrawingAPolygonExample.swift in Sources */ = {isa = PBXBuildFile; fileRef = 968247211C5C1C9B00494AB8 /* DrawingAPolygonExample.swift */; };
		968247241C5C1D9500494AB8 /* CameraAnimationExample.swift in Sources */ = {isa = PBXBuildFile; fileRef = 968247231C5C1D9500494AB8 /* CameraAnimationExample.swift */; };
		968247271C5C1DC700494AB8 /* CameraAnimationExample.m in Sources */ = {isa = PBXBuildFile; fileRef = 968247261C5C1DC700494AB8 /* CameraAnimationExample.m */; };
		9682472A1C5C1FF800494AB8 /* PointConversionExample.m in Sources */ = {isa = PBXBuildFile; fileRef = 968247291C5C1FF800494AB8 /* PointConversionExample.m */; };
		9682472C1C5C20F900494AB8 /* PointConversionExample.swift in Sources */ = {isa = PBXBuildFile; fileRef = 9682472B1C5C20F800494AB8 /* PointConversionExample.swift */; };
		9691AA941C5AA702006A58C6 /* Examples.m in Sources */ = {isa = PBXBuildFile; fileRef = 9691AA931C5AA702006A58C6 /* Examples.m */; };
		9691AAA71C5AAD8F006A58C6 /* CustomStyleExample.m in Sources */ = {isa = PBXBuildFile; fileRef = 9691AAA21C5AAD8F006A58C6 /* CustomStyleExample.m */; };
		9691AAA81C5AAD8F006A58C6 /* DefaultStylesExample.m in Sources */ = {isa = PBXBuildFile; fileRef = 9691AAA41C5AAD8F006A58C6 /* DefaultStylesExample.m */; };
		9691AAA91C5AAD8F006A58C6 /* SimpleMapViewExample.m in Sources */ = {isa = PBXBuildFile; fileRef = 9691AAA61C5AAD8F006A58C6 /* SimpleMapViewExample.m */; };
		9691AAAE1C5AB5A1006A58C6 /* SimpleMapViewExample.swift in Sources */ = {isa = PBXBuildFile; fileRef = 9691AAAD1C5AB5A1006A58C6 /* SimpleMapViewExample.swift */; };
		9691AAB11C5AC5AD006A58C6 /* CustomStyleExample.swift in Sources */ = {isa = PBXBuildFile; fileRef = 9691AAB01C5AC5AD006A58C6 /* CustomStyleExample.swift */; };
		9691AAB31C5AC5BF006A58C6 /* DefaultStylesExample.swift in Sources */ = {isa = PBXBuildFile; fileRef = 9691AAB21C5AC5BF006A58C6 /* DefaultStylesExample.swift */; };
		96A2A1CF1C8CA16C0059441E /* CustomCalloutViewExample.m in Sources */ = {isa = PBXBuildFile; fileRef = 96A2A1CE1C8CA16C0059441E /* CustomCalloutViewExample.m */; };
		96A2A1D21C8CA74B0059441E /* CustomCalloutView.m in Sources */ = {isa = PBXBuildFile; fileRef = 96A2A1D11C8CA74B0059441E /* CustomCalloutView.m */; };
		96D431FC1C84B4F7007D09D1 /* DrawingACustomMarkerExample.m in Sources */ = {isa = PBXBuildFile; fileRef = 96D431FB1C84B4F7007D09D1 /* DrawingACustomMarkerExample.m */; };
		96D432041C84B62A007D09D1 /* DrawingACustomMarkerExample.swift in Sources */ = {isa = PBXBuildFile; fileRef = 96D432031C84B62A007D09D1 /* DrawingACustomMarkerExample.swift */; };
		96D432061C84B9CF007D09D1 /* pisavector.xcassets in Resources */ = {isa = PBXBuildFile; fileRef = 96D432051C84B9CF007D09D1 /* pisavector.xcassets */; };
/* End PBXBuildFile section */

/* Begin PBXContainerItemProxy section */
		961962A61C581700002D3DAB /* PBXContainerItemProxy */ = {
			isa = PBXContainerItemProxy;
			containerPortal = 961962841C581700002D3DAB /* Project object */;
			proxyType = 1;
			remoteGlobalIDString = 9619628B1C581700002D3DAB;
			remoteInfo = Examples;
		};
		961962B11C581700002D3DAB /* PBXContainerItemProxy */ = {
			isa = PBXContainerItemProxy;
			containerPortal = 961962841C581700002D3DAB /* Project object */;
			proxyType = 1;
			remoteGlobalIDString = 9619628B1C581700002D3DAB;
			remoteInfo = Examples;
		};
/* End PBXContainerItemProxy section */

/* Begin PBXCopyFilesBuildPhase section */
		961962C71C5818EB002D3DAB /* Embed Frameworks */ = {
			isa = PBXCopyFilesBuildPhase;
			buildActionMask = 2147483647;
			dstPath = "";
			dstSubfolderSpec = 10;
			files = (
				961962C61C5818EB002D3DAB /* Mapbox.framework in Embed Frameworks */,
			);
			name = "Embed Frameworks";
			runOnlyForDeploymentPostprocessing = 0;
		};
/* End PBXCopyFilesBuildPhase section */

/* Begin PBXFileReference section */
		96115A661CAD4E1C000963B8 /* OfflinePackExample.h */ = {isa = PBXFileReference; fileEncoding = 4; lastKnownFileType = sourcecode.c.h; name = OfflinePackExample.h; path = Examples/ObjectiveC/OfflinePackExample.h; sourceTree = SOURCE_ROOT; };
		96115A671CAD4E1C000963B8 /* OfflinePackExample.m */ = {isa = PBXFileReference; fileEncoding = 4; lastKnownFileType = sourcecode.c.objc; name = OfflinePackExample.m; path = Examples/ObjectiveC/OfflinePackExample.m; sourceTree = SOURCE_ROOT; };
		96115A691CAD5012000963B8 /* OfflinePackExample.swift */ = {isa = PBXFileReference; fileEncoding = 4; lastKnownFileType = sourcecode.swift; name = OfflinePackExample.swift; path = Examples/Swift/OfflinePackExample.swift; sourceTree = SOURCE_ROOT; };
		9619628C1C581700002D3DAB /* Examples.app */ = {isa = PBXFileReference; explicitFileType = wrapper.application; includeInIndex = 0; path = Examples.app; sourceTree = BUILT_PRODUCTS_DIR; };
		961962901C581700002D3DAB /* main.m */ = {isa = PBXFileReference; lastKnownFileType = sourcecode.c.objc; path = main.m; sourceTree = "<group>"; };
		961962921C581700002D3DAB /* AppDelegate.h */ = {isa = PBXFileReference; lastKnownFileType = sourcecode.c.h; path = AppDelegate.h; sourceTree = "<group>"; };
		961962931C581700002D3DAB /* AppDelegate.m */ = {isa = PBXFileReference; lastKnownFileType = sourcecode.c.objc; path = AppDelegate.m; sourceTree = "<group>"; };
		9619629B1C581700002D3DAB /* Assets.xcassets */ = {isa = PBXFileReference; lastKnownFileType = folder.assetcatalog; path = Assets.xcassets; sourceTree = "<group>"; };
		9619629E1C581700002D3DAB /* Base */ = {isa = PBXFileReference; lastKnownFileType = file.storyboard; name = Base; path = Base.lproj/LaunchScreen.storyboard; sourceTree = "<group>"; };
		961962A01C581700002D3DAB /* Info.plist */ = {isa = PBXFileReference; lastKnownFileType = text.plist.xml; path = Info.plist; sourceTree = "<group>"; };
		961962A51C581700002D3DAB /* ExamplesTests.xctest */ = {isa = PBXFileReference; explicitFileType = wrapper.cfbundle; includeInIndex = 0; path = ExamplesTests.xctest; sourceTree = BUILT_PRODUCTS_DIR; };
		961962A91C581700002D3DAB /* ExamplesTests.m */ = {isa = PBXFileReference; lastKnownFileType = sourcecode.c.objc; path = ExamplesTests.m; sourceTree = "<group>"; };
		961962AB1C581700002D3DAB /* Info.plist */ = {isa = PBXFileReference; lastKnownFileType = text.plist.xml; path = Info.plist; sourceTree = "<group>"; };
		961962B01C581700002D3DAB /* ExamplesUITests.xctest */ = {isa = PBXFileReference; explicitFileType = wrapper.cfbundle; includeInIndex = 0; path = ExamplesUITests.xctest; sourceTree = BUILT_PRODUCTS_DIR; };
		961962B41C581700002D3DAB /* ExamplesUITests.m */ = {isa = PBXFileReference; lastKnownFileType = sourcecode.c.objc; path = ExamplesUITests.m; sourceTree = "<group>"; };
		961962B61C581700002D3DAB /* Info.plist */ = {isa = PBXFileReference; lastKnownFileType = text.plist.xml; path = Info.plist; sourceTree = "<group>"; };
		961962C41C5818EB002D3DAB /* Mapbox.framework */ = {isa = PBXFileReference; lastKnownFileType = wrapper.framework; path = Mapbox.framework; sourceTree = "<group>"; };
		961962CE1C581FBC002D3DAB /* Main.storyboard */ = {isa = PBXFileReference; fileEncoding = 4; lastKnownFileType = file.storyboard; path = Main.storyboard; sourceTree = "<group>"; };
		961962D01C5821A9002D3DAB /* ExamplesTableViewController.h */ = {isa = PBXFileReference; fileEncoding = 4; lastKnownFileType = sourcecode.c.h; path = ExamplesTableViewController.h; sourceTree = "<group>"; };
		961962D11C5821A9002D3DAB /* ExamplesTableViewController.m */ = {isa = PBXFileReference; fileEncoding = 4; lastKnownFileType = sourcecode.c.objc; path = ExamplesTableViewController.m; sourceTree = "<group>"; };
		961962D31C583FDC002D3DAB /* ExamplesContainerViewController.h */ = {isa = PBXFileReference; fileEncoding = 4; lastKnownFileType = sourcecode.c.h; path = ExamplesContainerViewController.h; sourceTree = "<group>"; };
		961962D41C583FDC002D3DAB /* ExamplesContainerViewController.m */ = {isa = PBXFileReference; fileEncoding = 4; lastKnownFileType = sourcecode.c.objc; path = ExamplesContainerViewController.m; sourceTree = "<group>"; };
		96466AC91C9323D9009CF4AB /* CustomCalloutViewExample.swift */ = {isa = PBXFileReference; fileEncoding = 4; lastKnownFileType = sourcecode.swift; name = CustomCalloutViewExample.swift; path = Examples/Swift/CustomCalloutViewExample.swift; sourceTree = SOURCE_ROOT; };
		96466AD01C932EF5009CF4AB /* CustomCalloutView.swift */ = {isa = PBXFileReference; fileEncoding = 4; lastKnownFileType = sourcecode.swift; name = CustomCalloutView.swift; path = Examples/Swift/CustomCalloutView.swift; sourceTree = SOURCE_ROOT; };
		968247011C5BDCBB00494AB8 /* CustomRasterStyleExample.h */ = {isa = PBXFileReference; fileEncoding = 4; lastKnownFileType = sourcecode.c.h; name = CustomRasterStyleExample.h; path = Examples/ObjectiveC/CustomRasterStyleExample.h; sourceTree = SOURCE_ROOT; };
		968247021C5BDCBB00494AB8 /* CustomRasterStyleExample.m */ = {isa = PBXFileReference; fileEncoding = 4; lastKnownFileType = sourcecode.c.objc; name = CustomRasterStyleExample.m; path = Examples/ObjectiveC/CustomRasterStyleExample.m; sourceTree = SOURCE_ROOT; };
		968247041C5BDDC600494AB8 /* CustomRasterStyleExample.swift */ = {isa = PBXFileReference; fileEncoding = 4; lastKnownFileType = sourcecode.swift; name = CustomRasterStyleExample.swift; path = Examples/Swift/CustomRasterStyleExample.swift; sourceTree = SOURCE_ROOT; };
		968247061C5BEBDC00494AB8 /* SatelliteStyleExample.h */ = {isa = PBXFileReference; fileEncoding = 4; lastKnownFileType = sourcecode.c.h; name = SatelliteStyleExample.h; path = Examples/ObjectiveC/SatelliteStyleExample.h; sourceTree = SOURCE_ROOT; };
		968247071C5BEBDC00494AB8 /* SatelliteStyleExample.m */ = {isa = PBXFileReference; fileEncoding = 4; lastKnownFileType = sourcecode.c.objc; name = SatelliteStyleExample.m; path = Examples/ObjectiveC/SatelliteStyleExample.m; sourceTree = SOURCE_ROOT; };
		968247091C5BEE4D00494AB8 /* SatelliteStyleExample.swift */ = {isa = PBXFileReference; fileEncoding = 4; lastKnownFileType = sourcecode.swift; name = SatelliteStyleExample.swift; path = Examples/Swift/SatelliteStyleExample.swift; sourceTree = SOURCE_ROOT; };
		9682470B1C5BF08400494AB8 /* DrawingAMarkerExample.swift */ = {isa = PBXFileReference; fileEncoding = 4; lastKnownFileType = sourcecode.swift; name = DrawingAMarkerExample.swift; path = Examples/Swift/DrawingAMarkerExample.swift; sourceTree = SOURCE_ROOT; };
		9682470D1C5BF12700494AB8 /* DrawingAMarkerExample.h */ = {isa = PBXFileReference; fileEncoding = 4; lastKnownFileType = sourcecode.c.h; name = DrawingAMarkerExample.h; path = Examples/ObjectiveC/DrawingAMarkerExample.h; sourceTree = SOURCE_ROOT; };
		9682470E1C5BF12700494AB8 /* DrawingAMarkerExample.m */ = {isa = PBXFileReference; fileEncoding = 4; lastKnownFileType = sourcecode.c.objc; name = DrawingAMarkerExample.m; path = Examples/ObjectiveC/DrawingAMarkerExample.m; sourceTree = SOURCE_ROOT; };
		968247111C5C0F0F00494AB8 /* CalloutDelegateUsageExample.h */ = {isa = PBXFileReference; fileEncoding = 4; lastKnownFileType = sourcecode.c.h; name = CalloutDelegateUsageExample.h; path = Examples/ObjectiveC/CalloutDelegateUsageExample.h; sourceTree = SOURCE_ROOT; };
		968247121C5C0F0F00494AB8 /* CalloutDelegateUsageExample.m */ = {isa = PBXFileReference; fileEncoding = 4; lastKnownFileType = sourcecode.c.objc; name = CalloutDelegateUsageExample.m; path = Examples/ObjectiveC/CalloutDelegateUsageExample.m; sourceTree = SOURCE_ROOT; };
		968247141C5C102B00494AB8 /* CalloutDelegateUsageExample.swift */ = {isa = PBXFileReference; fileEncoding = 4; lastKnownFileType = sourcecode.swift; name = CalloutDelegateUsageExample.swift; path = Examples/Swift/CalloutDelegateUsageExample.swift; sourceTree = SOURCE_ROOT; };
		968247161C5C10B100494AB8 /* DrawingAGeoJSONLineExample.swift */ = {isa = PBXFileReference; fileEncoding = 4; lastKnownFileType = sourcecode.swift; name = DrawingAGeoJSONLineExample.swift; path = Examples/Swift/DrawingAGeoJSONLineExample.swift; sourceTree = SOURCE_ROOT; };
		968247181C5C115000494AB8 /* DrawingAGeoJSONLineExample.h */ = {isa = PBXFileReference; fileEncoding = 4; lastKnownFileType = sourcecode.c.h; name = DrawingAGeoJSONLineExample.h; path = Examples/ObjectiveC/DrawingAGeoJSONLineExample.h; sourceTree = SOURCE_ROOT; };
		968247191C5C115000494AB8 /* DrawingAGeoJSONLineExample.m */ = {isa = PBXFileReference; fileEncoding = 4; lastKnownFileType = sourcecode.c.objc; name = DrawingAGeoJSONLineExample.m; path = Examples/ObjectiveC/DrawingAGeoJSONLineExample.m; sourceTree = SOURCE_ROOT; };
		9682471C1C5C123B00494AB8 /* example.geojson */ = {isa = PBXFileReference; fileEncoding = 4; lastKnownFileType = text; name = example.geojson; path = ../Files/example.geojson; sourceTree = "<group>"; };
		9682471E1C5C1C0400494AB8 /* DrawingAPolygonExample.h */ = {isa = PBXFileReference; fileEncoding = 4; lastKnownFileType = sourcecode.c.h; name = DrawingAPolygonExample.h; path = Examples/ObjectiveC/DrawingAPolygonExample.h; sourceTree = SOURCE_ROOT; };
		9682471F1C5C1C0400494AB8 /* DrawingAPolygonExample.m */ = {isa = PBXFileReference; fileEncoding = 4; lastKnownFileType = sourcecode.c.objc; name = DrawingAPolygonExample.m; path = Examples/ObjectiveC/DrawingAPolygonExample.m; sourceTree = SOURCE_ROOT; };
		968247211C5C1C9B00494AB8 /* DrawingAPolygonExample.swift */ = {isa = PBXFileReference; fileEncoding = 4; lastKnownFileType = sourcecode.swift; name = DrawingAPolygonExample.swift; path = Examples/Swift/DrawingAPolygonExample.swift; sourceTree = SOURCE_ROOT; };
		968247231C5C1D9500494AB8 /* CameraAnimationExample.swift */ = {isa = PBXFileReference; fileEncoding = 4; lastKnownFileType = sourcecode.swift; name = CameraAnimationExample.swift; path = Examples/Swift/CameraAnimationExample.swift; sourceTree = SOURCE_ROOT; };
		968247251C5C1DC700494AB8 /* CameraAnimationExample.h */ = {isa = PBXFileReference; fileEncoding = 4; lastKnownFileType = sourcecode.c.h; name = CameraAnimationExample.h; path = Examples/ObjectiveC/CameraAnimationExample.h; sourceTree = SOURCE_ROOT; };
		968247261C5C1DC700494AB8 /* CameraAnimationExample.m */ = {isa = PBXFileReference; fileEncoding = 4; lastKnownFileType = sourcecode.c.objc; name = CameraAnimationExample.m; path = Examples/ObjectiveC/CameraAnimationExample.m; sourceTree = SOURCE_ROOT; };
		968247281C5C1FF800494AB8 /* PointConversionExample.h */ = {isa = PBXFileReference; fileEncoding = 4; lastKnownFileType = sourcecode.c.h; name = PointConversionExample.h; path = Examples/ObjectiveC/PointConversionExample.h; sourceTree = SOURCE_ROOT; };
		968247291C5C1FF800494AB8 /* PointConversionExample.m */ = {isa = PBXFileReference; fileEncoding = 4; lastKnownFileType = sourcecode.c.objc; name = PointConversionExample.m; path = Examples/ObjectiveC/PointConversionExample.m; sourceTree = SOURCE_ROOT; };
		9682472B1C5C20F800494AB8 /* PointConversionExample.swift */ = {isa = PBXFileReference; fileEncoding = 4; lastKnownFileType = sourcecode.swift; name = PointConversionExample.swift; path = Examples/Swift/PointConversionExample.swift; sourceTree = SOURCE_ROOT; };
		9691AA921C5AA702006A58C6 /* Examples.h */ = {isa = PBXFileReference; fileEncoding = 4; lastKnownFileType = sourcecode.c.h; path = Examples.h; sourceTree = "<group>"; };
		9691AA931C5AA702006A58C6 /* Examples.m */ = {isa = PBXFileReference; fileEncoding = 4; lastKnownFileType = sourcecode.c.objc; path = Examples.m; sourceTree = "<group>"; };
		9691AAA11C5AAD8F006A58C6 /* CustomStyleExample.h */ = {isa = PBXFileReference; fileEncoding = 4; lastKnownFileType = sourcecode.c.h; name = CustomStyleExample.h; path = Examples/ObjectiveC/CustomStyleExample.h; sourceTree = SOURCE_ROOT; };
		9691AAA21C5AAD8F006A58C6 /* CustomStyleExample.m */ = {isa = PBXFileReference; fileEncoding = 4; lastKnownFileType = sourcecode.c.objc; name = CustomStyleExample.m; path = Examples/ObjectiveC/CustomStyleExample.m; sourceTree = SOURCE_ROOT; };
		9691AAA31C5AAD8F006A58C6 /* DefaultStylesExample.h */ = {isa = PBXFileReference; fileEncoding = 4; lastKnownFileType = sourcecode.c.h; name = DefaultStylesExample.h; path = Examples/ObjectiveC/DefaultStylesExample.h; sourceTree = SOURCE_ROOT; };
		9691AAA41C5AAD8F006A58C6 /* DefaultStylesExample.m */ = {isa = PBXFileReference; fileEncoding = 4; lastKnownFileType = sourcecode.c.objc; name = DefaultStylesExample.m; path = Examples/ObjectiveC/DefaultStylesExample.m; sourceTree = SOURCE_ROOT; };
		9691AAA51C5AAD8F006A58C6 /* SimpleMapViewExample.h */ = {isa = PBXFileReference; fileEncoding = 4; lastKnownFileType = sourcecode.c.h; name = SimpleMapViewExample.h; path = Examples/ObjectiveC/SimpleMapViewExample.h; sourceTree = SOURCE_ROOT; };
		9691AAA61C5AAD8F006A58C6 /* SimpleMapViewExample.m */ = {isa = PBXFileReference; fileEncoding = 4; lastKnownFileType = sourcecode.c.objc; name = SimpleMapViewExample.m; path = Examples/ObjectiveC/SimpleMapViewExample.m; sourceTree = SOURCE_ROOT; };
		9691AAAA1C5AB546006A58C6 /* Examples-Bridging-Header.h */ = {isa = PBXFileReference; lastKnownFileType = sourcecode.c.h; path = "Examples-Bridging-Header.h"; sourceTree = "<group>"; };
		9691AAAD1C5AB5A1006A58C6 /* SimpleMapViewExample.swift */ = {isa = PBXFileReference; fileEncoding = 4; lastKnownFileType = sourcecode.swift; name = SimpleMapViewExample.swift; path = Examples/Swift/SimpleMapViewExample.swift; sourceTree = SOURCE_ROOT; };
		9691AAB01C5AC5AD006A58C6 /* CustomStyleExample.swift */ = {isa = PBXFileReference; fileEncoding = 4; lastKnownFileType = sourcecode.swift; name = CustomStyleExample.swift; path = Examples/Swift/CustomStyleExample.swift; sourceTree = SOURCE_ROOT; };
		9691AAB21C5AC5BF006A58C6 /* DefaultStylesExample.swift */ = {isa = PBXFileReference; fileEncoding = 4; lastKnownFileType = sourcecode.swift; name = DefaultStylesExample.swift; path = Examples/Swift/DefaultStylesExample.swift; sourceTree = SOURCE_ROOT; };
		96A2A1CD1C8CA16C0059441E /* CustomCalloutViewExample.h */ = {isa = PBXFileReference; fileEncoding = 4; lastKnownFileType = sourcecode.c.h; name = CustomCalloutViewExample.h; path = Examples/ObjectiveC/CustomCalloutViewExample.h; sourceTree = SOURCE_ROOT; };
		96A2A1CE1C8CA16C0059441E /* CustomCalloutViewExample.m */ = {isa = PBXFileReference; fileEncoding = 4; lastKnownFileType = sourcecode.c.objc; name = CustomCalloutViewExample.m; path = Examples/ObjectiveC/CustomCalloutViewExample.m; sourceTree = SOURCE_ROOT; };
		96A2A1D01C8CA74B0059441E /* CustomCalloutView.h */ = {isa = PBXFileReference; fileEncoding = 4; lastKnownFileType = sourcecode.c.h; name = CustomCalloutView.h; path = Examples/ObjectiveC/CustomCalloutView.h; sourceTree = SOURCE_ROOT; };
		96A2A1D11C8CA74B0059441E /* CustomCalloutView.m */ = {isa = PBXFileReference; fileEncoding = 4; lastKnownFileType = sourcecode.c.objc; name = CustomCalloutView.m; path = Examples/ObjectiveC/CustomCalloutView.m; sourceTree = SOURCE_ROOT; };
		96D431FA1C84B4F7007D09D1 /* DrawingACustomMarkerExample.h */ = {isa = PBXFileReference; fileEncoding = 4; lastKnownFileType = sourcecode.c.h; name = DrawingACustomMarkerExample.h; path = Examples/ObjectiveC/DrawingACustomMarkerExample.h; sourceTree = SOURCE_ROOT; };
		96D431FB1C84B4F7007D09D1 /* DrawingACustomMarkerExample.m */ = {isa = PBXFileReference; fileEncoding = 4; lastKnownFileType = sourcecode.c.objc; name = DrawingACustomMarkerExample.m; path = Examples/ObjectiveC/DrawingACustomMarkerExample.m; sourceTree = SOURCE_ROOT; };
		96D432031C84B62A007D09D1 /* DrawingACustomMarkerExample.swift */ = {isa = PBXFileReference; fileEncoding = 4; lastKnownFileType = sourcecode.swift; name = DrawingACustomMarkerExample.swift; path = Examples/Swift/DrawingACustomMarkerExample.swift; sourceTree = SOURCE_ROOT; };
		96D432051C84B9CF007D09D1 /* pisavector.xcassets */ = {isa = PBXFileReference; lastKnownFileType = folder.assetcatalog; path = pisavector.xcassets; sourceTree = "<group>"; };
/* End PBXFileReference section */

/* Begin PBXFrameworksBuildPhase section */
		961962891C581700002D3DAB /* Frameworks */ = {
			isa = PBXFrameworksBuildPhase;
			buildActionMask = 2147483647;
			files = (
				961962C51C5818EB002D3DAB /* Mapbox.framework in Frameworks */,
			);
			runOnlyForDeploymentPostprocessing = 0;
		};
		961962A21C581700002D3DAB /* Frameworks */ = {
			isa = PBXFrameworksBuildPhase;
			buildActionMask = 2147483647;
			files = (
			);
			runOnlyForDeploymentPostprocessing = 0;
		};
		961962AD1C581700002D3DAB /* Frameworks */ = {
			isa = PBXFrameworksBuildPhase;
			buildActionMask = 2147483647;
			files = (
			);
			runOnlyForDeploymentPostprocessing = 0;
		};
/* End PBXFrameworksBuildPhase section */

/* Begin PBXGroup section */
		961962831C581700002D3DAB = {
			isa = PBXGroup;
			children = (
				961962C41C5818EB002D3DAB /* Mapbox.framework */,
				9619628E1C581700002D3DAB /* Examples */,
				961962A81C581700002D3DAB /* ExamplesTests */,
				961962B31C581700002D3DAB /* ExamplesUITests */,
				9619628D1C581700002D3DAB /* Products */,
			);
			sourceTree = "<group>";
		};
		9619628D1C581700002D3DAB /* Products */ = {
			isa = PBXGroup;
			children = (
				9619628C1C581700002D3DAB /* Examples.app */,
				961962A51C581700002D3DAB /* ExamplesTests.xctest */,
				961962B01C581700002D3DAB /* ExamplesUITests.xctest */,
			);
			name = Products;
			sourceTree = "<group>";
		};
		9619628E1C581700002D3DAB /* Examples */ = {
			isa = PBXGroup;
			children = (
				9691AAA01C5AAD8F006A58C6 /* Code */,
				9682471B1C5C123B00494AB8 /* Files */,
				961962921C581700002D3DAB /* AppDelegate.h */,
				961962931C581700002D3DAB /* AppDelegate.m */,
				9691AA921C5AA702006A58C6 /* Examples.h */,
				9691AA931C5AA702006A58C6 /* Examples.m */,
				961962D31C583FDC002D3DAB /* ExamplesContainerViewController.h */,
				961962D41C583FDC002D3DAB /* ExamplesContainerViewController.m */,
				961962D01C5821A9002D3DAB /* ExamplesTableViewController.h */,
				961962D11C5821A9002D3DAB /* ExamplesTableViewController.m */,
				9619629B1C581700002D3DAB /* Assets.xcassets */,
				961962CE1C581FBC002D3DAB /* Main.storyboard */,
				9619629D1C581700002D3DAB /* LaunchScreen.storyboard */,
				961962A01C581700002D3DAB /* Info.plist */,
				9619628F1C581700002D3DAB /* Supporting Files */,
			);
			path = Examples;
			sourceTree = "<group>";
		};
		9619628F1C581700002D3DAB /* Supporting Files */ = {
			isa = PBXGroup;
			children = (
				9691AAAA1C5AB546006A58C6 /* Examples-Bridging-Header.h */,
				961962901C581700002D3DAB /* main.m */,
			);
			name = "Supporting Files";
			sourceTree = "<group>";
		};
		961962A81C581700002D3DAB /* ExamplesTests */ = {
			isa = PBXGroup;
			children = (
				961962A91C581700002D3DAB /* ExamplesTests.m */,
				961962AB1C581700002D3DAB /* Info.plist */,
			);
			path = ExamplesTests;
			sourceTree = "<group>";
		};
		961962B31C581700002D3DAB /* ExamplesUITests */ = {
			isa = PBXGroup;
			children = (
				961962B41C581700002D3DAB /* ExamplesUITests.m */,
				961962B61C581700002D3DAB /* Info.plist */,
			);
			path = ExamplesUITests;
			sourceTree = "<group>";
		};
		9682471B1C5C123B00494AB8 /* Files */ = {
			isa = PBXGroup;
			children = (
				9682471C1C5C123B00494AB8 /* example.geojson */,
				96D432051C84B9CF007D09D1 /* pisavector.xcassets */,
			);
			path = Files;
			sourceTree = "<group>";
		};
		9682472D1C5C226D00494AB8 /* Headers */ = {
			isa = PBXGroup;
			children = (
				968247111C5C0F0F00494AB8 /* CalloutDelegateUsageExample.h */,
				968247251C5C1DC700494AB8 /* CameraAnimationExample.h */,
				96A2A1D01C8CA74B0059441E /* CustomCalloutView.h */,
				96A2A1CD1C8CA16C0059441E /* CustomCalloutViewExample.h */,
				968247011C5BDCBB00494AB8 /* CustomRasterStyleExample.h */,
				9691AAA11C5AAD8F006A58C6 /* CustomStyleExample.h */,
				9691AAA31C5AAD8F006A58C6 /* DefaultStylesExample.h */,
				968247181C5C115000494AB8 /* DrawingAGeoJSONLineExample.h */,
				96D431FA1C84B4F7007D09D1 /* DrawingACustomMarkerExample.h */,
				9682470D1C5BF12700494AB8 /* DrawingAMarkerExample.h */,
				9682471E1C5C1C0400494AB8 /* DrawingAPolygonExample.h */,
				96115A661CAD4E1C000963B8 /* OfflinePackExample.h */,
				968247281C5C1FF800494AB8 /* PointConversionExample.h */,
				968247061C5BEBDC00494AB8 /* SatelliteStyleExample.h */,
				9691AAA51C5AAD8F006A58C6 /* SimpleMapViewExample.h */,
			);
			name = Headers;
			path = Examples/ObjectiveC;
			sourceTree = SOURCE_ROOT;
		};
		9691AAA01C5AAD8F006A58C6 /* Code */ = {
			isa = PBXGroup;
			children = (
				9682472D1C5C226D00494AB8 /* Headers */,
				968247121C5C0F0F00494AB8 /* CalloutDelegateUsageExample.m */,
				968247141C5C102B00494AB8 /* CalloutDelegateUsageExample.swift */,
				968247261C5C1DC700494AB8 /* CameraAnimationExample.m */,
				968247231C5C1D9500494AB8 /* CameraAnimationExample.swift */,
				96A2A1D11C8CA74B0059441E /* CustomCalloutView.m */,
				96466AD01C932EF5009CF4AB /* CustomCalloutView.swift */,
				96A2A1CE1C8CA16C0059441E /* CustomCalloutViewExample.m */,
				96466AC91C9323D9009CF4AB /* CustomCalloutViewExample.swift */,
				968247021C5BDCBB00494AB8 /* CustomRasterStyleExample.m */,
				968247041C5BDDC600494AB8 /* CustomRasterStyleExample.swift */,
				9691AAA21C5AAD8F006A58C6 /* CustomStyleExample.m */,
				9691AAB01C5AC5AD006A58C6 /* CustomStyleExample.swift */,
				9691AAA41C5AAD8F006A58C6 /* DefaultStylesExample.m */,
				9691AAB21C5AC5BF006A58C6 /* DefaultStylesExample.swift */,
				96D431FB1C84B4F7007D09D1 /* DrawingACustomMarkerExample.m */,
				96D432031C84B62A007D09D1 /* DrawingACustomMarkerExample.swift */,
				968247191C5C115000494AB8 /* DrawingAGeoJSONLineExample.m */,
				968247161C5C10B100494AB8 /* DrawingAGeoJSONLineExample.swift */,
				9682470E1C5BF12700494AB8 /* DrawingAMarkerExample.m */,
				9682470B1C5BF08400494AB8 /* DrawingAMarkerExample.swift */,
				9682471F1C5C1C0400494AB8 /* DrawingAPolygonExample.m */,
				968247211C5C1C9B00494AB8 /* DrawingAPolygonExample.swift */,
				96115A671CAD4E1C000963B8 /* OfflinePackExample.m */,
				96115A691CAD5012000963B8 /* OfflinePackExample.swift */,
				968247291C5C1FF800494AB8 /* PointConversionExample.m */,
				9682472B1C5C20F800494AB8 /* PointConversionExample.swift */,
				968247071C5BEBDC00494AB8 /* SatelliteStyleExample.m */,
				968247091C5BEE4D00494AB8 /* SatelliteStyleExample.swift */,
				9691AAA61C5AAD8F006A58C6 /* SimpleMapViewExample.m */,
				9691AAAD1C5AB5A1006A58C6 /* SimpleMapViewExample.swift */,
			);
			name = Code;
			path = ObjectiveC;
			sourceTree = "<group>";
		};
/* End PBXGroup section */

/* Begin PBXNativeTarget section */
		9619628B1C581700002D3DAB /* Examples */ = {
			isa = PBXNativeTarget;
			buildConfigurationList = 961962B91C581700002D3DAB /* Build configuration list for PBXNativeTarget "Examples" */;
			buildPhases = (
				961962881C581700002D3DAB /* Sources */,
				961962891C581700002D3DAB /* Frameworks */,
				9619628A1C581700002D3DAB /* Resources */,
				961962C71C5818EB002D3DAB /* Embed Frameworks */,
			);
			buildRules = (
			);
			dependencies = (
			);
			name = Examples;
			productName = Examples;
			productReference = 9619628C1C581700002D3DAB /* Examples.app */;
			productType = "com.apple.product-type.application";
		};
		961962A41C581700002D3DAB /* ExamplesTests */ = {
			isa = PBXNativeTarget;
			buildConfigurationList = 961962BC1C581700002D3DAB /* Build configuration list for PBXNativeTarget "ExamplesTests" */;
			buildPhases = (
				961962A11C581700002D3DAB /* Sources */,
				961962A21C581700002D3DAB /* Frameworks */,
				961962A31C581700002D3DAB /* Resources */,
			);
			buildRules = (
			);
			dependencies = (
				961962A71C581700002D3DAB /* PBXTargetDependency */,
			);
			name = ExamplesTests;
			productName = ExamplesTests;
			productReference = 961962A51C581700002D3DAB /* ExamplesTests.xctest */;
			productType = "com.apple.product-type.bundle.unit-test";
		};
		961962AF1C581700002D3DAB /* ExamplesUITests */ = {
			isa = PBXNativeTarget;
			buildConfigurationList = 961962BF1C581700002D3DAB /* Build configuration list for PBXNativeTarget "ExamplesUITests" */;
			buildPhases = (
				961962AC1C581700002D3DAB /* Sources */,
				961962AD1C581700002D3DAB /* Frameworks */,
				961962AE1C581700002D3DAB /* Resources */,
			);
			buildRules = (
			);
			dependencies = (
				961962B21C581700002D3DAB /* PBXTargetDependency */,
			);
			name = ExamplesUITests;
			productName = ExamplesUITests;
			productReference = 961962B01C581700002D3DAB /* ExamplesUITests.xctest */;
			productType = "com.apple.product-type.bundle.ui-testing";
		};
/* End PBXNativeTarget section */

/* Begin PBXProject section */
		961962841C581700002D3DAB /* Project object */ = {
			isa = PBXProject;
			attributes = {
				LastUpgradeCheck = 0730;
				ORGANIZATIONNAME = Mapbox;
				TargetAttributes = {
					9619628B1C581700002D3DAB = {
						CreatedOnToolsVersion = 7.3;
						DevelopmentTeam = U8B2JGE4C6;
					};
					961962A41C581700002D3DAB = {
						CreatedOnToolsVersion = 7.3;
						TestTargetID = 9619628B1C581700002D3DAB;
					};
					961962AF1C581700002D3DAB = {
						CreatedOnToolsVersion = 7.3;
						TestTargetID = 9619628B1C581700002D3DAB;
					};
				};
			};
			buildConfigurationList = 961962871C581700002D3DAB /* Build configuration list for PBXProject "Examples" */;
			compatibilityVersion = "Xcode 3.2";
			developmentRegion = English;
			hasScannedForEncodings = 0;
			knownRegions = (
				en,
				Base,
			);
			mainGroup = 961962831C581700002D3DAB;
			productRefGroup = 9619628D1C581700002D3DAB /* Products */;
			projectDirPath = "";
			projectRoot = "";
			targets = (
				9619628B1C581700002D3DAB /* Examples */,
				961962A41C581700002D3DAB /* ExamplesTests */,
				961962AF1C581700002D3DAB /* ExamplesUITests */,
			);
		};
/* End PBXProject section */

/* Begin PBXResourcesBuildPhase section */
		9619628A1C581700002D3DAB /* Resources */ = {
			isa = PBXResourcesBuildPhase;
			buildActionMask = 2147483647;
			files = (
				9619629F1C581700002D3DAB /* LaunchScreen.storyboard in Resources */,
				9619629C1C581700002D3DAB /* Assets.xcassets in Resources */,
				9682471D1C5C123B00494AB8 /* example.geojson in Resources */,
				961962CF1C581FBC002D3DAB /* Main.storyboard in Resources */,
				96D432061C84B9CF007D09D1 /* pisavector.xcassets in Resources */,
			);
			runOnlyForDeploymentPostprocessing = 0;
		};
		961962A31C581700002D3DAB /* Resources */ = {
			isa = PBXResourcesBuildPhase;
			buildActionMask = 2147483647;
			files = (
			);
			runOnlyForDeploymentPostprocessing = 0;
		};
		961962AE1C581700002D3DAB /* Resources */ = {
			isa = PBXResourcesBuildPhase;
			buildActionMask = 2147483647;
			files = (
			);
			runOnlyForDeploymentPostprocessing = 0;
		};
/* End PBXResourcesBuildPhase section */

/* Begin PBXSourcesBuildPhase section */
		961962881C581700002D3DAB /* Sources */ = {
			isa = PBXSourcesBuildPhase;
			buildActionMask = 2147483647;
			files = (
				9691AAB31C5AC5BF006A58C6 /* DefaultStylesExample.swift in Sources */,
				9682470C1C5BF08400494AB8 /* DrawingAMarkerExample.swift in Sources */,
				9691AAA91C5AAD8F006A58C6 /* SimpleMapViewExample.m in Sources */,
				96A2A1CF1C8CA16C0059441E /* CustomCalloutViewExample.m in Sources */,
				9682470F1C5BF12700494AB8 /* DrawingAMarkerExample.m in Sources */,
				961962941C581700002D3DAB /* AppDelegate.m in Sources */,
				968247171C5C10B100494AB8 /* DrawingAGeoJSONLineExample.swift in Sources */,
				9691AAA71C5AAD8F006A58C6 /* CustomStyleExample.m in Sources */,
				961962D21C5821A9002D3DAB /* ExamplesTableViewController.m in Sources */,
				968247201C5C1C0400494AB8 /* DrawingAPolygonExample.m in Sources */,
				96A2A1D21C8CA74B0059441E /* CustomCalloutView.m in Sources */,
				9691AAAE1C5AB5A1006A58C6 /* SimpleMapViewExample.swift in Sources */,
				96D431FC1C84B4F7007D09D1 /* DrawingACustomMarkerExample.m in Sources */,
				968247031C5BDCBB00494AB8 /* CustomRasterStyleExample.m in Sources */,
				9682472A1C5C1FF800494AB8 /* PointConversionExample.m in Sources */,
				96466ACA1C9323D9009CF4AB /* CustomCalloutViewExample.swift in Sources */,
				96D432041C84B62A007D09D1 /* DrawingACustomMarkerExample.swift in Sources */,
				961962911C581700002D3DAB /* main.m in Sources */,
				968247131C5C0F0F00494AB8 /* CalloutDelegateUsageExample.m in Sources */,
				968247221C5C1C9B00494AB8 /* DrawingAPolygonExample.swift in Sources */,
				9691AA941C5AA702006A58C6 /* Examples.m in Sources */,
				9682472C1C5C20F900494AB8 /* PointConversionExample.swift in Sources */,
				9691AAA81C5AAD8F006A58C6 /* DefaultStylesExample.m in Sources */,
				9682470A1C5BEE4D00494AB8 /* SatelliteStyleExample.swift in Sources */,
				968247081C5BEBDC00494AB8 /* SatelliteStyleExample.m in Sources */,
				96115A681CAD4E1C000963B8 /* OfflinePackExample.m in Sources */,
				9682471A1C5C115000494AB8 /* DrawingAGeoJSONLineExample.m in Sources */,
				968247051C5BDDC600494AB8 /* CustomRasterStyleExample.swift in Sources */,
				96115A6A1CAD5012000963B8 /* OfflinePackExample.swift in Sources */,
				968247241C5C1D9500494AB8 /* CameraAnimationExample.swift in Sources */,
				968247151C5C102B00494AB8 /* CalloutDelegateUsageExample.swift in Sources */,
				968247271C5C1DC700494AB8 /* CameraAnimationExample.m in Sources */,
				96466AD11C932EF5009CF4AB /* CustomCalloutView.swift in Sources */,
				961962D51C583FDC002D3DAB /* ExamplesContainerViewController.m in Sources */,
				9691AAB11C5AC5AD006A58C6 /* CustomStyleExample.swift in Sources */,
			);
			runOnlyForDeploymentPostprocessing = 0;
		};
		961962A11C581700002D3DAB /* Sources */ = {
			isa = PBXSourcesBuildPhase;
			buildActionMask = 2147483647;
			files = (
				961962AA1C581700002D3DAB /* ExamplesTests.m in Sources */,
			);
			runOnlyForDeploymentPostprocessing = 0;
		};
		961962AC1C581700002D3DAB /* Sources */ = {
			isa = PBXSourcesBuildPhase;
			buildActionMask = 2147483647;
			files = (
				961962B51C581700002D3DAB /* ExamplesUITests.m in Sources */,
			);
			runOnlyForDeploymentPostprocessing = 0;
		};
/* End PBXSourcesBuildPhase section */

/* Begin PBXTargetDependency section */
		961962A71C581700002D3DAB /* PBXTargetDependency */ = {
			isa = PBXTargetDependency;
			target = 9619628B1C581700002D3DAB /* Examples */;
			targetProxy = 961962A61C581700002D3DAB /* PBXContainerItemProxy */;
		};
		961962B21C581700002D3DAB /* PBXTargetDependency */ = {
			isa = PBXTargetDependency;
			target = 9619628B1C581700002D3DAB /* Examples */;
			targetProxy = 961962B11C581700002D3DAB /* PBXContainerItemProxy */;
		};
/* End PBXTargetDependency section */

/* Begin PBXVariantGroup section */
		9619629D1C581700002D3DAB /* LaunchScreen.storyboard */ = {
			isa = PBXVariantGroup;
			children = (
				9619629E1C581700002D3DAB /* Base */,
			);
			name = LaunchScreen.storyboard;
			sourceTree = "<group>";
		};
/* End PBXVariantGroup section */

/* Begin XCBuildConfiguration section */
		961962B71C581700002D3DAB /* Debug */ = {
			isa = XCBuildConfiguration;
			buildSettings = {
				ALWAYS_SEARCH_USER_PATHS = NO;
				CLANG_CXX_LANGUAGE_STANDARD = "gnu++0x";
				CLANG_CXX_LIBRARY = "libc++";
				CLANG_ENABLE_MODULES = YES;
				CLANG_ENABLE_OBJC_ARC = YES;
				CLANG_WARN_BOOL_CONVERSION = YES;
				CLANG_WARN_CONSTANT_CONVERSION = YES;
				CLANG_WARN_DIRECT_OBJC_ISA_USAGE = YES_ERROR;
				CLANG_WARN_EMPTY_BODY = YES;
				CLANG_WARN_ENUM_CONVERSION = YES;
				CLANG_WARN_INT_CONVERSION = YES;
				CLANG_WARN_OBJC_ROOT_CLASS = YES_ERROR;
				CLANG_WARN_UNREACHABLE_CODE = YES;
				CLANG_WARN__DUPLICATE_METHOD_MATCH = YES;
				"CODE_SIGN_IDENTITY[sdk=iphoneos*]" = "iPhone Developer";
				COPY_PHASE_STRIP = NO;
				DEBUG_INFORMATION_FORMAT = dwarf;
				ENABLE_STRICT_OBJC_MSGSEND = YES;
				ENABLE_TESTABILITY = YES;
				GCC_C_LANGUAGE_STANDARD = gnu99;
				GCC_DYNAMIC_NO_PIC = NO;
				GCC_NO_COMMON_BLOCKS = YES;
				GCC_OPTIMIZATION_LEVEL = 0;
				GCC_PREPROCESSOR_DEFINITIONS = (
					"DEBUG=1",
					"$(inherited)",
				);
				GCC_WARN_64_TO_32_BIT_CONVERSION = YES;
				GCC_WARN_ABOUT_RETURN_TYPE = YES_ERROR;
				GCC_WARN_UNDECLARED_SELECTOR = YES;
				GCC_WARN_UNINITIALIZED_AUTOS = YES_AGGRESSIVE;
				GCC_WARN_UNUSED_FUNCTION = YES;
				GCC_WARN_UNUSED_VARIABLE = YES;
				IPHONEOS_DEPLOYMENT_TARGET = 9.3;
				MTL_ENABLE_DEBUG_INFO = YES;
				ONLY_ACTIVE_ARCH = YES;
				SDKROOT = iphoneos;
				TARGETED_DEVICE_FAMILY = "1,2";
			};
			name = Debug;
		};
		961962B81C581700002D3DAB /* Release */ = {
			isa = XCBuildConfiguration;
			buildSettings = {
				ALWAYS_SEARCH_USER_PATHS = NO;
				CLANG_CXX_LANGUAGE_STANDARD = "gnu++0x";
				CLANG_CXX_LIBRARY = "libc++";
				CLANG_ENABLE_MODULES = YES;
				CLANG_ENABLE_OBJC_ARC = YES;
				CLANG_WARN_BOOL_CONVERSION = YES;
				CLANG_WARN_CONSTANT_CONVERSION = YES;
				CLANG_WARN_DIRECT_OBJC_ISA_USAGE = YES_ERROR;
				CLANG_WARN_EMPTY_BODY = YES;
				CLANG_WARN_ENUM_CONVERSION = YES;
				CLANG_WARN_INT_CONVERSION = YES;
				CLANG_WARN_OBJC_ROOT_CLASS = YES_ERROR;
				CLANG_WARN_UNREACHABLE_CODE = YES;
				CLANG_WARN__DUPLICATE_METHOD_MATCH = YES;
				"CODE_SIGN_IDENTITY[sdk=iphoneos*]" = "iPhone Developer";
				COPY_PHASE_STRIP = NO;
				DEBUG_INFORMATION_FORMAT = "dwarf-with-dsym";
				ENABLE_NS_ASSERTIONS = NO;
				ENABLE_STRICT_OBJC_MSGSEND = YES;
				GCC_C_LANGUAGE_STANDARD = gnu99;
				GCC_NO_COMMON_BLOCKS = YES;
				GCC_WARN_64_TO_32_BIT_CONVERSION = YES;
				GCC_WARN_ABOUT_RETURN_TYPE = YES_ERROR;
				GCC_WARN_UNDECLARED_SELECTOR = YES;
				GCC_WARN_UNINITIALIZED_AUTOS = YES_AGGRESSIVE;
				GCC_WARN_UNUSED_FUNCTION = YES;
				GCC_WARN_UNUSED_VARIABLE = YES;
				IPHONEOS_DEPLOYMENT_TARGET = 9.3;
				MTL_ENABLE_DEBUG_INFO = NO;
				SDKROOT = iphoneos;
				TARGETED_DEVICE_FAMILY = "1,2";
				VALIDATE_PRODUCT = YES;
			};
			name = Release;
		};
		961962BA1C581700002D3DAB /* Debug */ = {
			isa = XCBuildConfiguration;
			buildSettings = {
				ASSETCATALOG_COMPILER_APPICON_NAME = AppIcon;
				CLANG_ENABLE_MODULES = YES;
				CODE_SIGN_IDENTITY = "iPhone Developer";
				FRAMEWORK_SEARCH_PATHS = (
					"$(inherited)",
					"$(PROJECT_DIR)",
				);
				INFOPLIST_FILE = Examples/Info.plist;
				IPHONEOS_DEPLOYMENT_TARGET = 8.0;
				LD_RUNPATH_SEARCH_PATHS = "$(inherited) @executable_path/Frameworks";
				PRODUCT_BUNDLE_IDENTIFIER = com.mapbox.Examples;
				PRODUCT_NAME = "$(TARGET_NAME)";
				SWIFT_OBJC_BRIDGING_HEADER = "Examples/Examples-Bridging-Header.h";
				SWIFT_OPTIMIZATION_LEVEL = "-Onone";
			};
			name = Debug;
		};
		961962BB1C581700002D3DAB /* Release */ = {
			isa = XCBuildConfiguration;
			buildSettings = {
				ASSETCATALOG_COMPILER_APPICON_NAME = AppIcon;
				CLANG_ENABLE_MODULES = YES;
				CODE_SIGN_IDENTITY = "iPhone Developer";
				FRAMEWORK_SEARCH_PATHS = (
					"$(inherited)",
					"$(PROJECT_DIR)",
				);
				INFOPLIST_FILE = Examples/Info.plist;
				IPHONEOS_DEPLOYMENT_TARGET = 8.0;
				LD_RUNPATH_SEARCH_PATHS = "$(inherited) @executable_path/Frameworks";
				PRODUCT_BUNDLE_IDENTIFIER = com.mapbox.Examples;
				PRODUCT_NAME = "$(TARGET_NAME)";
				SWIFT_OBJC_BRIDGING_HEADER = "Examples/Examples-Bridging-Header.h";
			};
			name = Release;
		};
		961962BD1C581700002D3DAB /* Debug */ = {
			isa = XCBuildConfiguration;
			buildSettings = {
				BUNDLE_LOADER = "$(TEST_HOST)";
				INFOPLIST_FILE = ExamplesTests/Info.plist;
				LD_RUNPATH_SEARCH_PATHS = "$(inherited) @executable_path/Frameworks @loader_path/Frameworks";
				PRODUCT_BUNDLE_IDENTIFIER = com.mapbox.ExamplesTests;
				PRODUCT_NAME = "$(TARGET_NAME)";
				TEST_HOST = "$(BUILT_PRODUCTS_DIR)/Examples.app/Examples";
			};
			name = Debug;
		};
		961962BE1C581700002D3DAB /* Release */ = {
			isa = XCBuildConfiguration;
			buildSettings = {
				BUNDLE_LOADER = "$(TEST_HOST)";
				INFOPLIST_FILE = ExamplesTests/Info.plist;
				LD_RUNPATH_SEARCH_PATHS = "$(inherited) @executable_path/Frameworks @loader_path/Frameworks";
				PRODUCT_BUNDLE_IDENTIFIER = com.mapbox.ExamplesTests;
				PRODUCT_NAME = "$(TARGET_NAME)";
				TEST_HOST = "$(BUILT_PRODUCTS_DIR)/Examples.app/Examples";
			};
			name = Release;
		};
		961962C01C581700002D3DAB /* Debug */ = {
			isa = XCBuildConfiguration;
			buildSettings = {
				ALWAYS_SEARCH_USER_PATHS = YES;
				HEADER_SEARCH_PATHS = "\"$(CONFIGURATION_TEMP_DIR)/$(PROJECT_NAME).build/DerivedSources\"";
				INFOPLIST_FILE = ExamplesUITests/Info.plist;
				LD_RUNPATH_SEARCH_PATHS = "$(inherited) @executable_path/Frameworks @loader_path/Frameworks";
				PRODUCT_BUNDLE_IDENTIFIER = com.mapbox.ExamplesUITests;
				PRODUCT_NAME = "$(TARGET_NAME)";
				TEST_TARGET_NAME = Examples;
			};
			name = Debug;
		};
		961962C11C581700002D3DAB /* Release */ = {
			isa = XCBuildConfiguration;
			buildSettings = {
				ALWAYS_SEARCH_USER_PATHS = YES;
				HEADER_SEARCH_PATHS = "\"$(CONFIGURATION_TEMP_DIR)/$(PROJECT_NAME).build/DerivedSources\"";
				INFOPLIST_FILE = ExamplesUITests/Info.plist;
				LD_RUNPATH_SEARCH_PATHS = "$(inherited) @executable_path/Frameworks @loader_path/Frameworks";
				PRODUCT_BUNDLE_IDENTIFIER = com.mapbox.ExamplesUITests;
				PRODUCT_NAME = "$(TARGET_NAME)";
				TEST_TARGET_NAME = Examples;
			};
			name = Release;
		};
/* End XCBuildConfiguration section */

/* Begin XCConfigurationList section */
		961962871C581700002D3DAB /* Build configuration list for PBXProject "Examples" */ = {
			isa = XCConfigurationList;
			buildConfigurations = (
				961962B71C581700002D3DAB /* Debug */,
				961962B81C581700002D3DAB /* Release */,
			);
			defaultConfigurationIsVisible = 0;
			defaultConfigurationName = Release;
		};
		961962B91C581700002D3DAB /* Build configuration list for PBXNativeTarget "Examples" */ = {
			isa = XCConfigurationList;
			buildConfigurations = (
				961962BA1C581700002D3DAB /* Debug */,
				961962BB1C581700002D3DAB /* Release */,
			);
			defaultConfigurationIsVisible = 0;
			defaultConfigurationName = Release;
		};
		961962BC1C581700002D3DAB /* Build configuration list for PBXNativeTarget "ExamplesTests" */ = {
			isa = XCConfigurationList;
			buildConfigurations = (
				961962BD1C581700002D3DAB /* Debug */,
				961962BE1C581700002D3DAB /* Release */,
			);
			defaultConfigurationIsVisible = 0;
			defaultConfigurationName = Release;
		};
		961962BF1C581700002D3DAB /* Build configuration list for PBXNativeTarget "ExamplesUITests" */ = {
			isa = XCConfigurationList;
			buildConfigurations = (
				961962C01C581700002D3DAB /* Debug */,
				961962C11C581700002D3DAB /* Release */,
			);
			defaultConfigurationIsVisible = 0;
			defaultConfigurationName = Release;
		};
/* End XCConfigurationList section */
	};
	rootObject = 961962841C581700002D3DAB /* Project object */;
}
